
Microsoft Visual Studio Solution File, Format Version 12.00
# Visual Studio Version 17
VisualStudioVersion = 17.7.34031.279
MinimumVisualStudioVersion = 10.0.40219.1
Project("{FAE04EC0-301F-11D3-BF4B-00C04F79EFBC}") = "n01642795Assignment2", "n01642795Assignment2\n01642795Assignment2.csproj", "{7BDEF151-80F2-45D9-8C62-17B3EB5530FD}"
EndProject
Global
	GlobalSection(SolutionConfigurationPlatforms) = preSolution
		Debug|Any CPU = Debug|Any CPU
		Release|Any CPU = Release|Any CPU
	EndGlobalSection
	GlobalSection(ProjectConfigurationPlatforms) = postSolution
		{7BDEF151-80F2-45D9-8C62-17B3EB5530FD}.Debug|Any CPU.ActiveCfg = Debug|Any CPU
		{7BDEF151-80F2-45D9-8C62-17B3EB5530FD}.Debug|Any CPU.Build.0 = Debug|Any CPU
		{7BDEF151-80F2-45D9-8C62-17B3EB5530FD}.Release|Any CPU.ActiveCfg = Release|Any CPU
		{7BDEF151-80F2-45D9-8C62-17B3EB5530FD}.Release|Any CPU.Build.0 = Release|Any CPU
	EndGlobalSection
	GlobalSection(SolutionProperties) = preSolution
		HideSolutionNode = FALSE
	EndGlobalSection
	GlobalSection(ExtensibilityGlobals) = postSolution
		SolutionGuid = {E3995097-1377-4ACD-B3C8-3FA1F6227025}
	EndGlobalSection
EndGlobal
